
Microsoft Visual Studio Solution File, Format Version 12.00
# Visual Studio 15
VisualStudioVersion = 15.0.27130.2010
MinimumVisualStudioVersion = 10.0.40219.1
Project("{9A19103F-16F7-4668-BE54-9A1E7A4F7556}") = "CoinGram", "src\CoinGram.csproj", "{8DE79D9B-76FE-4DBA-87DB-90560B37687D}"
EndProject
Project("{2150E333-8FDC-42A3-9474-1A3956D46DE8}") = "Solution Items", "Solution Items", "{61AD8E5F-CCDF-4F51-BDC1-BBFC10D67BB2}"
	ProjectSection(SolutionItems) = preProject
		.gitignore = .gitignore
		LICENSE = LICENSE
		README.md = README.md
	EndProjectSection
EndProject
Project("{2150E333-8FDC-42A3-9474-1A3956D46DE8}") = "scripts", "scripts", "{F02F6507-2F0D-4F71-A777-CBD4EE470B50}"
EndProject
Global
	GlobalSection(SolutionConfigurationPlatforms) = preSolution
		Debug|Any CPU = Debug|Any CPU
		Release|Any CPU = Release|Any CPU
	EndGlobalSection
	GlobalSection(ProjectConfigurationPlatforms) = postSolution
		{8DE79D9B-76FE-4DBA-87DB-90560B37687D}.Debug|Any CPU.ActiveCfg = Debug|Any CPU
		{8DE79D9B-76FE-4DBA-87DB-90560B37687D}.Debug|Any CPU.Build.0 = Debug|Any CPU
		{8DE79D9B-76FE-4DBA-87DB-90560B37687D}.Release|Any CPU.ActiveCfg = Release|Any CPU
		{8DE79D9B-76FE-4DBA-87DB-90560B37687D}.Release|Any CPU.Build.0 = Release|Any CPU
	EndGlobalSection
	GlobalSection(SolutionProperties) = preSolution
		HideSolutionNode = FALSE
	EndGlobalSection
	GlobalSection(NestedProjects) = preSolution
		{F02F6507-2F0D-4F71-A777-CBD4EE470B50} = {61AD8E5F-CCDF-4F51-BDC1-BBFC10D67BB2}
	EndGlobalSection
	GlobalSection(ExtensibilityGlobals) = postSolution
		SolutionGuid = {FF04A893-C14F-4C1A-A06F-A7D6DD6E7A97}
	EndGlobalSection
EndGlobal
